
Microsoft Visual Studio Solution File, Format Version 12.00
# Visual Studio Version 17
VisualStudioVersion = 17.9.34622.214
MinimumVisualStudioVersion = 10.0.40219.1
Project("{FAE04EC0-301F-11D3-BF4B-00C04F79EFBC}") = "NTPvize_calisma2", "NTPvize_calisma2\NTPvize_calisma2.csproj", "{29193BB1-3A19-4F58-A14D-CCDB40F5BA0C}"
EndProject
Global
	GlobalSection(SolutionConfigurationPlatforms) = preSolution
		Debug|Any CPU = Debug|Any CPU
		Release|Any CPU = Release|Any CPU
	EndGlobalSection
	GlobalSection(ProjectConfigurationPlatforms) = postSolution
		{29193BB1-3A19-4F58-A14D-CCDB40F5BA0C}.Debug|Any CPU.ActiveCfg = Debug|Any CPU
		{29193BB1-3A19-4F58-A14D-CCDB40F5BA0C}.Debug|Any CPU.Build.0 = Debug|Any CPU
		{29193BB1-3A19-4F58-A14D-CCDB40F5BA0C}.Release|Any CPU.ActiveCfg = Release|Any CPU
		{29193BB1-3A19-4F58-A14D-CCDB40F5BA0C}.Release|Any CPU.Build.0 = Release|Any CPU
	EndGlobalSection
	GlobalSection(SolutionProperties) = preSolution
		HideSolutionNode = FALSE
	EndGlobalSection
	GlobalSection(ExtensibilityGlobals) = postSolution
		SolutionGuid = {7FBE3FD7-302E-413F-8AEF-DFD6F01B6338}
	EndGlobalSection
EndGlobal
